
Microsoft Visual Studio Solution File, Format Version 11.00
# Visual Studio 2010
Project("{FAE04EC0-301F-11D3-BF4B-00C04F79EFBC}") = "AttachedProperty", "AttachedProperty\AttachedProperty.csproj", "{E4891DF1-9630-4004-A332-7F316A2834DF}"
EndProject
Project("{FAE04EC0-301F-11D3-BF4B-00C04F79EFBC}") = "AttachedProperty.Web", "AttachedProperty.Web\AttachedProperty.Web.csproj", "{71D8E596-A86F-478F-9386-1336D5D5E65B}"
EndProject
Global
	GlobalSection(SolutionConfigurationPlatforms) = preSolution
		Debug|Any CPU = Debug|Any CPU
		Release|Any CPU = Release|Any CPU
	EndGlobalSection
	GlobalSection(ProjectConfigurationPlatforms) = postSolution
		{E4891DF1-9630-4004-A332-7F316A2834DF}.Debug|Any CPU.ActiveCfg = Debug|Any CPU
		{E4891DF1-9630-4004-A332-7F316A2834DF}.Debug|Any CPU.Build.0 = Debug|Any CPU
		{E4891DF1-9630-4004-A332-7F316A2834DF}.Release|Any CPU.ActiveCfg = Release|Any CPU
		{E4891DF1-9630-4004-A332-7F316A2834DF}.Release|Any CPU.Build.0 = Release|Any CPU
		{71D8E596-A86F-478F-9386-1336D5D5E65B}.Debug|Any CPU.ActiveCfg = Debug|Any CPU
		{71D8E596-A86F-478F-9386-1336D5D5E65B}.Debug|Any CPU.Build.0 = Debug|Any CPU
		{71D8E596-A86F-478F-9386-1336D5D5E65B}.Release|Any CPU.ActiveCfg = Release|Any CPU
		{71D8E596-A86F-478F-9386-1336D5D5E65B}.Release|Any CPU.Build.0 = Release|Any CPU
	EndGlobalSection
	GlobalSection(SolutionProperties) = preSolution
		HideSolutionNode = FALSE
	EndGlobalSection
EndGlobal
